// !$*UTF8*$!
{
	archiveVersion = 1;
	classes = {
	};
	objectVersion = 56;
	objects = {

/* Begin PBXBuildFile section */
		FE793A552A3DA0BE0074A4CB /* Code_Exp_FoodSaver_SG_FirebaseApp.swift in Sources */ = {isa = PBXBuildFile; fileRef = FE793A542A3DA0BE0074A4CB /* Code_Exp_FoodSaver_SG_FirebaseApp.swift */; };
		FE793A572A3DA0BE0074A4CB /* ContentView.swift in Sources */ = {isa = PBXBuildFile; fileRef = FE793A562A3DA0BE0074A4CB /* ContentView.swift */; };
		FE793A592A3DA0C00074A4CB /* Assets.xcassets in Resources */ = {isa = PBXBuildFile; fileRef = FE793A582A3DA0C00074A4CB /* Assets.xcassets */; };
		FE793A5C2A3DA0C00074A4CB /* Preview Assets.xcassets in Resources */ = {isa = PBXBuildFile; fileRef = FE793A5B2A3DA0C00074A4CB /* Preview Assets.xcassets */; };
		FE793A642A3DA3300074A4CB /* LogInView.swift in Sources */ = {isa = PBXBuildFile; fileRef = FE793A632A3DA3300074A4CB /* LogInView.swift */; };
		FE793A692A3DAD080074A4CB /* SignUpView.swift in Sources */ = {isa = PBXBuildFile; fileRef = FE793A682A3DAD070074A4CB /* SignUpView.swift */; };
		FE793A6B2A3DAEE10074A4CB /* AuthView.swift in Sources */ = {isa = PBXBuildFile; fileRef = FE793A6A2A3DAEE10074A4CB /* AuthView.swift */; };
		FE793A6F2A3DB6BF0074A4CB /* String.swift in Sources */ = {isa = PBXBuildFile; fileRef = FE793A6E2A3DB6BF0074A4CB /* String.swift */; };
/* End PBXBuildFile section */

/* Begin PBXFileReference section */
		FE793A512A3DA0BE0074A4CB /* Code@Exp FoodSaver SG Firebase.app */ = {isa = PBXFileReference; explicitFileType = wrapper.application; includeInIndex = 0; path = "Code@Exp FoodSaver SG Firebase.app"; sourceTree = BUILT_PRODUCTS_DIR; };
		FE793A542A3DA0BE0074A4CB /* Code_Exp_FoodSaver_SG_FirebaseApp.swift */ = {isa = PBXFileReference; lastKnownFileType = sourcecode.swift; path = Code_Exp_FoodSaver_SG_FirebaseApp.swift; sourceTree = "<group>"; };
		FE793A562A3DA0BE0074A4CB /* ContentView.swift */ = {isa = PBXFileReference; lastKnownFileType = sourcecode.swift; path = ContentView.swift; sourceTree = "<group>"; };
		FE793A582A3DA0C00074A4CB /* Assets.xcassets */ = {isa = PBXFileReference; lastKnownFileType = folder.assetcatalog; path = Assets.xcassets; sourceTree = "<group>"; };
		FE793A5B2A3DA0C00074A4CB /* Preview Assets.xcassets */ = {isa = PBXFileReference; lastKnownFileType = folder.assetcatalog; path = "Preview Assets.xcassets"; sourceTree = "<group>"; };
		FE793A632A3DA3300074A4CB /* LogInView.swift */ = {isa = PBXFileReference; lastKnownFileType = sourcecode.swift; path = LogInView.swift; sourceTree = "<group>"; };
		FE793A682A3DAD070074A4CB /* SignUpView.swift */ = {isa = PBXFileReference; lastKnownFileType = sourcecode.swift; path = SignUpView.swift; sourceTree = "<group>"; };
		FE793A6A2A3DAEE10074A4CB /* AuthView.swift */ = {isa = PBXFileReference; lastKnownFileType = sourcecode.swift; path = AuthView.swift; sourceTree = "<group>"; };
		FE793A6E2A3DB6BF0074A4CB /* String.swift */ = {isa = PBXFileReference; lastKnownFileType = sourcecode.swift; path = String.swift; sourceTree = "<group>"; };
/* End PBXFileReference section */

/* Begin PBXFrameworksBuildPhase section */
		FE793A4E2A3DA0BE0074A4CB /* Frameworks */ = {
			isa = PBXFrameworksBuildPhase;
			buildActionMask = 2147483647;
			files = (
			);
			runOnlyForDeploymentPostprocessing = 0;
		};
/* End PBXFrameworksBuildPhase section */

/* Begin PBXGroup section */
		FE793A482A3DA0BE0074A4CB = {
			isa = PBXGroup;
			children = (
				FE793A532A3DA0BE0074A4CB /* Code@Exp FoodSaver SG Firebase */,
				FE793A522A3DA0BE0074A4CB /* Products */,
			);
			sourceTree = "<group>";
		};
		FE793A522A3DA0BE0074A4CB /* Products */ = {
			isa = PBXGroup;
			children = (
				FE793A512A3DA0BE0074A4CB /* Code@Exp FoodSaver SG Firebase.app */,
			);
			name = Products;
			sourceTree = "<group>";
		};
		FE793A532A3DA0BE0074A4CB /* Code@Exp FoodSaver SG Firebase */ = {
			isa = PBXGroup;
			children = (
				FE793A542A3DA0BE0074A4CB /* Code_Exp_FoodSaver_SG_FirebaseApp.swift */,
				FE793A562A3DA0BE0074A4CB /* ContentView.swift */,
				FE793A652A3DA6650074A4CB /* Extensions */,
				FE793A622A3DA3200074A4CB /* Views */,
				FE793A582A3DA0C00074A4CB /* Assets.xcassets */,
				FE793A5A2A3DA0C00074A4CB /* Preview Content */,
			);
			path = "Code@Exp FoodSaver SG Firebase";
			sourceTree = "<group>";
		};
		FE793A5A2A3DA0C00074A4CB /* Preview Content */ = {
			isa = PBXGroup;
			children = (
				FE793A5B2A3DA0C00074A4CB /* Preview Assets.xcassets */,
			);
			path = "Preview Content";
			sourceTree = "<group>";
		};
		FE793A622A3DA3200074A4CB /* Views */ = {
			isa = PBXGroup;
			children = (
				FE793A632A3DA3300074A4CB /* LogInView.swift */,
				FE793A6A2A3DAEE10074A4CB /* AuthView.swift */,
				FE793A682A3DAD070074A4CB /* SignUpView.swift */,
			);
			path = Views;
			sourceTree = "<group>";
		};
		FE793A652A3DA6650074A4CB /* Extensions */ = {
			isa = PBXGroup;
			children = (
				FE793A6E2A3DB6BF0074A4CB /* String.swift */,
			);
			path = Extensions;
			sourceTree = "<group>";
		};
/* End PBXGroup section */

/* Begin PBXNativeTarget section */
		FE793A502A3DA0BE0074A4CB /* Code@Exp FoodSaver SG Firebase */ = {
			isa = PBXNativeTarget;
			buildConfigurationList = FE793A5F2A3DA0C00074A4CB /* Build configuration list for PBXNativeTarget "Code@Exp FoodSaver SG Firebase" */;
			buildPhases = (
				FE793A4D2A3DA0BE0074A4CB /* Sources */,
				FE793A4E2A3DA0BE0074A4CB /* Frameworks */,
				FE793A4F2A3DA0BE0074A4CB /* Resources */,
			);
			buildRules = (
			);
			dependencies = (
			);
			name = "Code@Exp FoodSaver SG Firebase";
			productName = "Code@Exp FoodSaver SG Firebase";
			productReference = FE793A512A3DA0BE0074A4CB /* Code@Exp FoodSaver SG Firebase.app */;
			productType = "com.apple.product-type.application";
		};
/* End PBXNativeTarget section */

/* Begin PBXProject section */
		FE793A492A3DA0BE0074A4CB /* Project object */ = {
			isa = PBXProject;
			attributes = {
				BuildIndependentTargetsInParallel = 1;
				LastSwiftUpdateCheck = 1410;
				LastUpgradeCheck = 1410;
				TargetAttributes = {
					FE793A502A3DA0BE0074A4CB = {
						CreatedOnToolsVersion = 14.1;
					};
				};
			};
			buildConfigurationList = FE793A4C2A3DA0BE0074A4CB /* Build configuration list for PBXProject "Code@Exp FoodSaver SG Firebase" */;
			compatibilityVersion = "Xcode 14.0";
			developmentRegion = en;
			hasScannedForEncodings = 0;
			knownRegions = (
				en,
				Base,
			);
			mainGroup = FE793A482A3DA0BE0074A4CB;
			productRefGroup = FE793A522A3DA0BE0074A4CB /* Products */;
			projectDirPath = "";
			projectRoot = "";
			targets = (
				FE793A502A3DA0BE0074A4CB /* Code@Exp FoodSaver SG Firebase */,
			);
		};
/* End PBXProject section */

/* Begin PBXResourcesBuildPhase section */
		FE793A4F2A3DA0BE0074A4CB /* Resources */ = {
			isa = PBXResourcesBuildPhase;
			buildActionMask = 2147483647;
			files = (
				FE793A5C2A3DA0C00074A4CB /* Preview Assets.xcassets in Resources */,
				FE793A592A3DA0C00074A4CB /* Assets.xcassets in Resources */,
			);
			runOnlyForDeploymentPostprocessing = 0;
		};
/* End PBXResourcesBuildPhase section */

/* Begin PBXSourcesBuildPhase section */
		FE793A4D2A3DA0BE0074A4CB /* Sources */ = {
			isa = PBXSourcesBuildPhase;
			buildActionMask = 2147483647;
			files = (
				FE793A6F2A3DB6BF0074A4CB /* String.swift in Sources */,
				FE793A642A3DA3300074A4CB /* LogInView.swift in Sources */,
				FE793A692A3DAD080074A4CB /* SignUpView.swift in Sources */,
				FE793A6B2A3DAEE10074A4CB /* AuthView.swift in Sources */,
				FE793A572A3DA0BE0074A4CB /* ContentView.swift in Sources */,
				FE793A552A3DA0BE0074A4CB /* Code_Exp_FoodSaver_SG_FirebaseApp.swift in Sources */,
			);
			runOnlyForDeploymentPostprocessing = 0;
		};
/* End PBXSourcesBuildPhase section */

/* Begin XCBuildConfiguration section */
		FE793A5D2A3DA0C00074A4CB /* Debug */ = {
			isa = XCBuildConfiguration;
			buildSettings = {
				ALWAYS_SEARCH_USER_PATHS = NO;
				CLANG_ANALYZER_NONNULL = YES;
				CLANG_ANALYZER_NUMBER_OBJECT_CONVERSION = YES_AGGRESSIVE;
				CLANG_CXX_LANGUAGE_STANDARD = "gnu++20";
				CLANG_ENABLE_MODULES = YES;
				CLANG_ENABLE_OBJC_ARC = YES;
				CLANG_ENABLE_OBJC_WEAK = YES;
				CLANG_WARN_BLOCK_CAPTURE_AUTORELEASING = YES;
				CLANG_WARN_BOOL_CONVERSION = YES;
				CLANG_WARN_COMMA = YES;
				CLANG_WARN_CONSTANT_CONVERSION = YES;
				CLANG_WARN_DEPRECATED_OBJC_IMPLEMENTATIONS = YES;
				CLANG_WARN_DIRECT_OBJC_ISA_USAGE = YES_ERROR;
				CLANG_WARN_DOCUMENTATION_COMMENTS = YES;
				CLANG_WARN_EMPTY_BODY = YES;
				CLANG_WARN_ENUM_CONVERSION = YES;
				CLANG_WARN_INFINITE_RECURSION = YES;
				CLANG_WARN_INT_CONVERSION = YES;
				CLANG_WARN_NON_LITERAL_NULL_CONVERSION = YES;
				CLANG_WARN_OBJC_IMPLICIT_RETAIN_SELF = YES;
				CLANG_WARN_OBJC_LITERAL_CONVERSION = YES;
				CLANG_WARN_OBJC_ROOT_CLASS = YES_ERROR;
				CLANG_WARN_QUOTED_INCLUDE_IN_FRAMEWORK_HEADER = YES;
				CLANG_WARN_RANGE_LOOP_ANALYSIS = YES;
				CLANG_WARN_STRICT_PROTOTYPES = YES;
				CLANG_WARN_SUSPICIOUS_MOVE = YES;
				CLANG_WARN_UNGUARDED_AVAILABILITY = YES_AGGRESSIVE;
				CLANG_WARN_UNREACHABLE_CODE = YES;
				CLANG_WARN__DUPLICATE_METHOD_MATCH = YES;
				COPY_PHASE_STRIP = NO;
				DEBUG_INFORMATION_FORMAT = dwarf;
				ENABLE_STRICT_OBJC_MSGSEND = YES;
				ENABLE_TESTABILITY = YES;
				GCC_C_LANGUAGE_STANDARD = gnu11;
				GCC_DYNAMIC_NO_PIC = NO;
				GCC_NO_COMMON_BLOCKS = YES;
				GCC_OPTIMIZATION_LEVEL = 0;
				GCC_PREPROCESSOR_DEFINITIONS = (
					"DEBUG=1",
					"$(inherited)",
				);
				GCC_WARN_64_TO_32_BIT_CONVERSION = YES;
				GCC_WARN_ABOUT_RETURN_TYPE = YES_ERROR;
				GCC_WARN_UNDECLARED_SELECTOR = YES;
				GCC_WARN_UNINITIALIZED_AUTOS = YES_AGGRESSIVE;
				GCC_WARN_UNUSED_FUNCTION = YES;
				GCC_WARN_UNUSED_VARIABLE = YES;
				IPHONEOS_DEPLOYMENT_TARGET = 16.1;
				MTL_ENABLE_DEBUG_INFO = INCLUDE_SOURCE;
				MTL_FAST_MATH = YES;
				ONLY_ACTIVE_ARCH = YES;
				SDKROOT = iphoneos;
				SWIFT_ACTIVE_COMPILATION_CONDITIONS = DEBUG;
				SWIFT_OPTIMIZATION_LEVEL = "-Onone";
			};
			name = Debug;
		};
		FE793A5E2A3DA0C00074A4CB /* Release */ = {
			isa = XCBuildConfiguration;
			buildSettings = {
				ALWAYS_SEARCH_USER_PATHS = NO;
				CLANG_ANALYZER_NONNULL = YES;
				CLANG_ANALYZER_NUMBER_OBJECT_CONVERSION = YES_AGGRESSIVE;
				CLANG_CXX_LANGUAGE_STANDARD = "gnu++20";
				CLANG_ENABLE_MODULES = YES;
				CLANG_ENABLE_OBJC_ARC = YES;
				CLANG_ENABLE_OBJC_WEAK = YES;
				CLANG_WARN_BLOCK_CAPTURE_AUTORELEASING = YES;
				CLANG_WARN_BOOL_CONVERSION = YES;
				CLANG_WARN_COMMA = YES;
				CLANG_WARN_CONSTANT_CONVERSION = YES;
				CLANG_WARN_DEPRECATED_OBJC_IMPLEMENTATIONS = YES;
				CLANG_WARN_DIRECT_OBJC_ISA_USAGE = YES_ERROR;
				CLANG_WARN_DOCUMENTATION_COMMENTS = YES;
				CLANG_WARN_EMPTY_BODY = YES;
				CLANG_WARN_ENUM_CONVERSION = YES;
				CLANG_WARN_INFINITE_RECURSION = YES;
				CLANG_WARN_INT_CONVERSION = YES;
				CLANG_WARN_NON_LITERAL_NULL_CONVERSION = YES;
				CLANG_WARN_OBJC_IMPLICIT_RETAIN_SELF = YES;
				CLANG_WARN_OBJC_LITERAL_CONVERSION = YES;
				CLANG_WARN_OBJC_ROOT_CLASS = YES_ERROR;
				CLANG_WARN_QUOTED_INCLUDE_IN_FRAMEWORK_HEADER = YES;
				CLANG_WARN_RANGE_LOOP_ANALYSIS = YES;
				CLANG_WARN_STRICT_PROTOTYPES = YES;
				CLANG_WARN_SUSPICIOUS_MOVE = YES;
				CLANG_WARN_UNGUARDED_AVAILABILITY = YES_AGGRESSIVE;
				CLANG_WARN_UNREACHABLE_CODE = YES;
				CLANG_WARN__DUPLICATE_METHOD_MATCH = YES;
				COPY_PHASE_STRIP = NO;
				DEBUG_INFORMATION_FORMAT = "dwarf-with-dsym";
				ENABLE_NS_ASSERTIONS = NO;
				ENABLE_STRICT_OBJC_MSGSEND = YES;
				GCC_C_LANGUAGE_STANDARD = gnu11;
				GCC_NO_COMMON_BLOCKS = YES;
				GCC_WARN_64_TO_32_BIT_CONVERSION = YES;
				GCC_WARN_ABOUT_RETURN_TYPE = YES_ERROR;
				GCC_WARN_UNDECLARED_SELECTOR = YES;
				GCC_WARN_UNINITIALIZED_AUTOS = YES_AGGRESSIVE;
				GCC_WARN_UNUSED_FUNCTION = YES;
				GCC_WARN_UNUSED_VARIABLE = YES;
				IPHONEOS_DEPLOYMENT_TARGET = 16.1;
				MTL_ENABLE_DEBUG_INFO = NO;
				MTL_FAST_MATH = YES;
				SDKROOT = iphoneos;
				SWIFT_COMPILATION_MODE = wholemodule;
				SWIFT_OPTIMIZATION_LEVEL = "-O";
				VALIDATE_PRODUCT = YES;
			};
			name = Release;
		};
		FE793A602A3DA0C00074A4CB /* Debug */ = {
			isa = XCBuildConfiguration;
			buildSettings = {
				ASSETCATALOG_COMPILER_APPICON_NAME = AppIcon;
				ASSETCATALOG_COMPILER_GLOBAL_ACCENT_COLOR_NAME = AccentColor;
				CODE_SIGN_STYLE = Automatic;
				CURRENT_PROJECT_VERSION = 1;
				DEVELOPMENT_ASSET_PATHS = "\"Code@Exp FoodSaver SG Firebase/Preview Content\"";
				DEVELOPMENT_TEAM = FFH396A6Y4;
				ENABLE_PREVIEWS = YES;
				GENERATE_INFOPLIST_FILE = YES;
				INFOPLIST_KEY_UIApplicationSceneManifest_Generation = YES;
				INFOPLIST_KEY_UIApplicationSupportsIndirectInputEvents = YES;
				INFOPLIST_KEY_UILaunchScreen_Generation = YES;
				INFOPLIST_KEY_UISupportedInterfaceOrientations_iPad = "UIInterfaceOrientationPortrait UIInterfaceOrientationPortraitUpsideDown UIInterfaceOrientationLandscapeLeft UIInterfaceOrientationLandscapeRight";
				INFOPLIST_KEY_UISupportedInterfaceOrientations_iPhone = "UIInterfaceOrientationPortrait UIInterfaceOrientationLandscapeLeft UIInterfaceOrientationLandscapeRight";
				LD_RUNPATH_SEARCH_PATHS = (
					"$(inherited)",
					"@executable_path/Frameworks",
				);
				MARKETING_VERSION = 1.0;
				PRODUCT_BUNDLE_IDENTIFIER = "paperfishh.Code-Exp-FoodSaver-SG-Firebase";
				PRODUCT_NAME = "$(TARGET_NAME)";
				SWIFT_EMIT_LOC_STRINGS = YES;
				SWIFT_VERSION = 5.0;
				TARGETED_DEVICE_FAMILY = "1,2";
			};
			name = Debug;
		};
		FE793A612A3DA0C00074A4CB /* Release */ = {
			isa = XCBuildConfiguration;
			buildSettings = {
				ASSETCATALOG_COMPILER_APPICON_NAME = AppIcon;
				ASSETCATALOG_COMPILER_GLOBAL_ACCENT_COLOR_NAME = AccentColor;
				CODE_SIGN_STYLE = Automatic;
				CURRENT_PROJECT_VERSION = 1;
				DEVELOPMENT_ASSET_PATHS = "\"Code@Exp FoodSaver SG Firebase/Preview Content\"";
				DEVELOPMENT_TEAM = FFH396A6Y4;
				ENABLE_PREVIEWS = YES;
				GENERATE_INFOPLIST_FILE = YES;
				INFOPLIST_KEY_UIApplicationSceneManifest_Generation = YES;
				INFOPLIST_KEY_UIApplicationSupportsIndirectInputEvents = YES;
				INFOPLIST_KEY_UILaunchScreen_Generation = YES;
				INFOPLIST_KEY_UISupportedInterfaceOrientations_iPad = "UIInterfaceOrientationPortrait UIInterfaceOrientationPortraitUpsideDown UIInterfaceOrientationLandscapeLeft UIInterfaceOrientationLandscapeRight";
				INFOPLIST_KEY_UISupportedInterfaceOrientations_iPhone = "UIInterfaceOrientationPortrait UIInterfaceOrientationLandscapeLeft UIInterfaceOrientationLandscapeRight";
				LD_RUNPATH_SEARCH_PATHS = (
					"$(inherited)",
					"@executable_path/Frameworks",
				);
				MARKETING_VERSION = 1.0;
				PRODUCT_BUNDLE_IDENTIFIER = "paperfishh.Code-Exp-FoodSaver-SG-Firebase";
				PRODUCT_NAME = "$(TARGET_NAME)";
				SWIFT_EMIT_LOC_STRINGS = YES;
				SWIFT_VERSION = 5.0;
				TARGETED_DEVICE_FAMILY = "1,2";
			};
			name = Release;
		};
/* End XCBuildConfiguration section */

/* Begin XCConfigurationList section */
		FE793A4C2A3DA0BE0074A4CB /* Build configuration list for PBXProject "Code@Exp FoodSaver SG Firebase" */ = {
			isa = XCConfigurationList;
			buildConfigurations = (
				FE793A5D2A3DA0C00074A4CB /* Debug */,
				FE793A5E2A3DA0C00074A4CB /* Release */,
			);
			defaultConfigurationIsVisible = 0;
			defaultConfigurationName = Release;
		};
		FE793A5F2A3DA0C00074A4CB /* Build configuration list for PBXNativeTarget "Code@Exp FoodSaver SG Firebase" */ = {
			isa = XCConfigurationList;
			buildConfigurations = (
				FE793A602A3DA0C00074A4CB /* Debug */,
				FE793A612A3DA0C00074A4CB /* Release */,
			);
			defaultConfigurationIsVisible = 0;
			defaultConfigurationName = Release;
		};
/* End XCConfigurationList section */
	};
	rootObject = FE793A492A3DA0BE0074A4CB /* Project object */;
}
